
Microsoft Visual Studio Solution File, Format Version 12.00
# Visual Studio Version 17
VisualStudioVersion = 17.8.34330.188
MinimumVisualStudioVersion = 10.0.40219.1
Project("{FAE04EC0-301F-11D3-BF4B-00C04F79EFBC}") = "JwtDemo", "JwtDemo\JwtDemo.csproj", "{9F92F4BE-F9C9-4996-9D60-DBFD5BF7A5D4}"
EndProject
Global
	GlobalSection(SolutionConfigurationPlatforms) = preSolution
		Debug|Any CPU = Debug|Any CPU
		Release|Any CPU = Release|Any CPU
	EndGlobalSection
	GlobalSection(ProjectConfigurationPlatforms) = postSolution
		{9F92F4BE-F9C9-4996-9D60-DBFD5BF7A5D4}.Debug|Any CPU.ActiveCfg = Debug|Any CPU
		{9F92F4BE-F9C9-4996-9D60-DBFD5BF7A5D4}.Debug|Any CPU.Build.0 = Debug|Any CPU
		{9F92F4BE-F9C9-4996-9D60-DBFD5BF7A5D4}.Release|Any CPU.ActiveCfg = Release|Any CPU
		{9F92F4BE-F9C9-4996-9D60-DBFD5BF7A5D4}.Release|Any CPU.Build.0 = Release|Any CPU
	EndGlobalSection
	GlobalSection(SolutionProperties) = preSolution
		HideSolutionNode = FALSE
	EndGlobalSection
	GlobalSection(ExtensibilityGlobals) = postSolution
		SolutionGuid = {45DE9FA4-9F29-4086-9A10-6C4E7E9EAE93}
	EndGlobalSection
EndGlobal
